proj_file_hash = "3fe5ec424b2ca68c244c8c99fb320d3d"

[[dependencies]]
name = "character"
version = "1.0.1"
path = ".fixlang/deps/character_1.0.1"

[dependencies.git]
repo = "https://github.com/tttmmmyyyy/fixlang-character.git"
rev = "fd75a6634ec0c919f2d1703112d25da9a3c2346e"

[[dependencies]]
name = "math"
version = "1.2.1"
path = ".fixlang/deps/math_1.2.1"

[dependencies.git]
repo = "https://github.com/tttmmmyyyy/fixlang-math.git"
rev = "f02f1493b1ac5563edded5ef36c8f7f82e512584"

[[dependencies]]
name = "minilib-binary"
version = "0.6.0"
path = ".fixlang/deps/minilib-binary_0.6.0"

[dependencies.git]
repo = "https://github.com/pt9999/fixlang-minilib-binary.git"
rev = "68b80a76753853bab4b6cbb88aea8bc716e80c05"

[[dependencies]]
name = "minilib-common"
version = "0.12.1"
path = ".fixlang/deps/minilib-common_0.12.1"

[dependencies.git]
repo = "https://github.com/pt9999/fixlang-minilib-common.git"
rev = "3132a3c407961446cebae3a8ef789c1b72d5c5ac"

[[dependencies]]
name = "minilib-text"
version = "0.8.0"
path = ".fixlang/deps/minilib-text_0.8.0"

[dependencies.git]
repo = "https://github.com/pt9999/fixlang-minilib-text.git"
rev = "dd858579b308ec514c8d9dcd3b72041646d9ae3b"

[[dependencies]]
name = "minilib-xml"
version = "0.6.0"
path = ".fixlang/deps/minilib-xml_0.6.0"

[dependencies.git]
repo = "https://github.com/pt9999/fixlang-minilib-xml.git"
rev = "55c23eb15c88c424b6eec87706e7080ecdef2d40"

[[dependencies]]
name = "time"
version = "1.0.2"
path = ".fixlang/deps/time_1.0.2"

[dependencies.git]
repo = "https://github.com/tttmmmyyyy/fixlang-time.git"
rev = "7af8a5c115e7437f94dcb4353807c03d816856f6"
